
Microsoft Visual Studio Solution File, Format Version 12.00
# Visual Studio Version 17
VisualStudioVersion = 17.1.32421.90
MinimumVisualStudioVersion = 10.0.40219.1
Project("{9A19103F-16F7-4668-BE54-9A1E7A4F7556}") = "TianWen.Lib", "TianWen.Lib\TianWen.Lib.csproj", "{1C2936DE-3E78-485A-BEC1-23BB27D61326}"
EndProject
Project("{9A19103F-16F7-4668-BE54-9A1E7A4F7556}") = "TianWen.Lib.Tests", "TianWen.Lib.Tests\TianWen.Lib.Tests.csproj", "{BC5524F5-67B2-44D0-B3D6-36EBAC00F37A}"
EndProject
Project("{9A19103F-16F7-4668-BE54-9A1E7A4F7556}") = "TianWen.Lib.CLI", "TianWen.Lib.CLI\TianWen.Lib.CLI.csproj", "{1604169D-6A26-43AF-9F9B-6D52589FB5C3}"
EndProject
Project("{2150E333-8FDC-42A3-9474-1A3956D46DE8}") = "Solution Items", "Solution Items", "{2C52B130-30B2-4A18-A907-A7C901EEC395}"
	ProjectSection(SolutionItems) = preProject
		.editorconfig = .editorconfig
		..\.github\workflows\dotnet.yml = ..\.github\workflows\dotnet.yml
	EndProjectSection
EndProject
Project("{9A19103F-16F7-4668-BE54-9A1E7A4F7556}") = "TianWen.Lib.Hosting", "TianWen.Lib.Hosting\TianWen.Lib.Hosting.csproj", "{2F7C5398-AAB4-4D83-ACA3-7C4D273B5B2F}"
EndProject
Global
	GlobalSection(SolutionConfigurationPlatforms) = preSolution
		Debug|Any CPU = Debug|Any CPU
		Release|Any CPU = Release|Any CPU
	EndGlobalSection
	GlobalSection(ProjectConfigurationPlatforms) = postSolution
		{1C2936DE-3E78-485A-BEC1-23BB27D61326}.Debug|Any CPU.ActiveCfg = Debug|Any CPU
		{1C2936DE-3E78-485A-BEC1-23BB27D61326}.Debug|Any CPU.Build.0 = Debug|Any CPU
		{1C2936DE-3E78-485A-BEC1-23BB27D61326}.Release|Any CPU.ActiveCfg = Release|Any CPU
		{1C2936DE-3E78-485A-BEC1-23BB27D61326}.Release|Any CPU.Build.0 = Release|Any CPU
		{BC5524F5-67B2-44D0-B3D6-36EBAC00F37A}.Debug|Any CPU.ActiveCfg = Debug|Any CPU
		{BC5524F5-67B2-44D0-B3D6-36EBAC00F37A}.Debug|Any CPU.Build.0 = Debug|Any CPU
		{BC5524F5-67B2-44D0-B3D6-36EBAC00F37A}.Release|Any CPU.ActiveCfg = Release|Any CPU
		{BC5524F5-67B2-44D0-B3D6-36EBAC00F37A}.Release|Any CPU.Build.0 = Release|Any CPU
		{1604169D-6A26-43AF-9F9B-6D52589FB5C3}.Debug|Any CPU.ActiveCfg = Debug|Any CPU
		{1604169D-6A26-43AF-9F9B-6D52589FB5C3}.Debug|Any CPU.Build.0 = Debug|Any CPU
		{1604169D-6A26-43AF-9F9B-6D52589FB5C3}.Release|Any CPU.ActiveCfg = Release|Any CPU
		{1604169D-6A26-43AF-9F9B-6D52589FB5C3}.Release|Any CPU.Build.0 = Release|Any CPU
		{2F7C5398-AAB4-4D83-ACA3-7C4D273B5B2F}.Debug|Any CPU.ActiveCfg = Debug|Any CPU
		{2F7C5398-AAB4-4D83-ACA3-7C4D273B5B2F}.Debug|Any CPU.Build.0 = Debug|Any CPU
		{2F7C5398-AAB4-4D83-ACA3-7C4D273B5B2F}.Release|Any CPU.ActiveCfg = Release|Any CPU
		{2F7C5398-AAB4-4D83-ACA3-7C4D273B5B2F}.Release|Any CPU.Build.0 = Release|Any CPU
	EndGlobalSection
	GlobalSection(SolutionProperties) = preSolution
		HideSolutionNode = FALSE
	EndGlobalSection
	GlobalSection(ExtensibilityGlobals) = postSolution
		SolutionGuid = {5CE4B19F-187A-4456-915E-1809001A157F}
	EndGlobalSection
EndGlobal
